{
  "name": "react-native-ytdl",
  "version": "4.8.3",
  "lockfileVersion": 1,
  "requires": true,
  "dependencies": {
    "base64-js": {
      "version": "1.5.1",
      "resolved": "https://registry.npmjs.org/base64-js/-/base64-js-1.5.1.tgz",
      "integrity": "sha512-AKpaYlHn8t4SVbOHCy+b5+KKgvR4vrsD8vbvrbiQJps7fKDTkjkDry6ji0rUJjC0kzbNePLwzxq8iypo41qeWA=="
    },
    "buffer": {
      "version": "5.7.1",
      "resolved": "https://registry.npmjs.org/buffer/-/buffer-5.7.1.tgz",
      "integrity": "sha512-EHcyIPBQ4BSGlvjB16k5KgAJ27CIsHY/2JBmCRReo48y9rQ3MaUzWX3KVlBa4U7MyX02HdVj0K7C3WaB3ju7FQ==",
      "requires": {
        "base64-js": "^1.3.1",
        "ieee754": "^1.1.13"
      }
    },
    "ieee754": {
      "version": "1.2.1",
      "resolved": "https://registry.npmjs.org/ieee754/-/ieee754-1.2.1.tgz",
      "integrity": "sha512-dcyqhDvX1C46lXZcVqCpK+FtMRQVdIMN6/Df5js2zouUsqG7I6sFxitIC+7KYK29KdXOLHdu9zL4sFnoVQnqaA=="
    },
    "punycode": {
      "version": "1.3.2",
      "resolved": "https://registry.npmjs.org/punycode/-/punycode-1.3.2.tgz",
      "integrity": "sha1-llOgNvt8HuQjQvIyXM7v6jkmxI0="
    },
    "querystring": {
      "version": "0.2.1",
      "resolved": "https://registry.npmjs.org/querystring/-/querystring-0.2.1.tgz",
      "integrity": "sha512-wkvS7mL/JMugcup3/rMitHmd9ecIGd2lhFhK9N3UUQ450h66d1r3Y9nvXzQAW1Lq+wyx61k/1pfKS5KuKiyEbg=="
    },
    "url": {
      "version": "0.10.3",
      "resolved": "https://registry.npmjs.org/url/-/url-0.10.3.tgz",
      "integrity": "sha1-Ah5NnHcF8hu/N9A861h2dAJ3TGQ=",
      "requires": {
        "punycode": "1.3.2",
        "querystring": "0.2.0"
      },
      "dependencies": {
        "querystring": {
          "version": "0.2.0",
          "resolved": "https://registry.npmjs.org/querystring/-/querystring-0.2.0.tgz",
          "integrity": "sha1-sgmEkgO7Jd+CDadW50cAWHhSFiA="
        }
      }
    },
    "webidl-conversions": {
      "version": "5.0.0",
      "resolved": "https://registry.npmjs.org/webidl-conversions/-/webidl-conversions-5.0.0.tgz",
      "integrity": "sha512-VlZwKPCkYKxQgeSbH5EyngOmRp7Ww7I9rQLERETtf5ofd9pGeswWiOtogpEO850jziPRarreGxn5QIiTqpb2wA=="
    },
    "whatwg-url-without-unicode": {
      "version": "8.0.0-3",
      "resolved": "https://registry.npmjs.org/whatwg-url-without-unicode/-/whatwg-url-without-unicode-8.0.0-3.tgz",
      "integrity": "sha512-HoKuzZrUlgpz35YO27XgD28uh/WJH4B0+3ttFqRo//lmq+9T/mIOJ6kqmINI9HpUpz1imRC/nR/lxKpJiv0uig==",
      "requires": {
        "buffer": "^5.4.3",
        "punycode": "^2.1.1",
        "webidl-conversions": "^5.0.0"
      },
      "dependencies": {
        "punycode": {
          "version": "2.1.1",
          "resolved": "https://registry.npmjs.org/punycode/-/punycode-2.1.1.tgz",
          "integrity": "sha512-XRsRjdf+j5ml+y/6GKHPZbrF/8p2Yga0JPtdqTIY2Xe5ohJPD9saDJJLPvp9+NSBprVvevdXZybnj2cv8OEd0A=="
        }
      }
    }
  }
}
